
Microsoft Visual Studio Solution File, Format Version 12.00
# Visual Studio 2013
VisualStudioVersion = 12.0.21005.1
MinimumVisualStudioVersion = 10.0.40219.1
Project("{FAE04EC0-301F-11D3-BF4B-00C04F79EFBC}") = "SingleBarrelWeather", "SingleBarrelWeather\SingleBarrelWeather.csproj", "{4A1CF5AF-F05C-4B62-84FE-046BBAD4F65F}"
EndProject
Project("{FAE04EC0-301F-11D3-BF4B-00C04F79EFBC}") = "DataStructures", "DataStructures\DataStructures.csproj", "{6F3FBD37-B0E1-49B6-8E8B-229BB59D5A4D}"
EndProject
Project("{FAE04EC0-301F-11D3-BF4B-00C04F79EFBC}") = "BusinessManagers", "BusinessManagers\BusinessManagers.csproj", "{D5FF1861-476F-436D-9F5A-1F846900AA25}"
EndProject
Project("{FAE04EC0-301F-11D3-BF4B-00C04F79EFBC}") = "SingleBarrelCommon", "SingleBarrelCommon\SingleBarrelCommon.csproj", "{D2E08B02-8643-4DF1-AE9E-27856AC4C65A}"
EndProject
Global
	GlobalSection(SolutionConfigurationPlatforms) = preSolution
		Debug|Any CPU = Debug|Any CPU
		Release|Any CPU = Release|Any CPU
	EndGlobalSection
	GlobalSection(ProjectConfigurationPlatforms) = postSolution
		{4A1CF5AF-F05C-4B62-84FE-046BBAD4F65F}.Debug|Any CPU.ActiveCfg = Debug|Any CPU
		{4A1CF5AF-F05C-4B62-84FE-046BBAD4F65F}.Debug|Any CPU.Build.0 = Debug|Any CPU
		{4A1CF5AF-F05C-4B62-84FE-046BBAD4F65F}.Release|Any CPU.ActiveCfg = Release|Any CPU
		{4A1CF5AF-F05C-4B62-84FE-046BBAD4F65F}.Release|Any CPU.Build.0 = Release|Any CPU
		{6F3FBD37-B0E1-49B6-8E8B-229BB59D5A4D}.Debug|Any CPU.ActiveCfg = Debug|Any CPU
		{6F3FBD37-B0E1-49B6-8E8B-229BB59D5A4D}.Debug|Any CPU.Build.0 = Debug|Any CPU
		{6F3FBD37-B0E1-49B6-8E8B-229BB59D5A4D}.Release|Any CPU.ActiveCfg = Release|Any CPU
		{6F3FBD37-B0E1-49B6-8E8B-229BB59D5A4D}.Release|Any CPU.Build.0 = Release|Any CPU
		{D2E08B02-8643-4DF1-AE9E-27856AC4C65A}.Debug|Any CPU.ActiveCfg = Debug|Any CPU
		{D2E08B02-8643-4DF1-AE9E-27856AC4C65A}.Debug|Any CPU.Build.0 = Debug|Any CPU
		{D2E08B02-8643-4DF1-AE9E-27856AC4C65A}.Release|Any CPU.ActiveCfg = Release|Any CPU
		{D2E08B02-8643-4DF1-AE9E-27856AC4C65A}.Release|Any CPU.Build.0 = Release|Any CPU
		{D5FF1861-476F-436D-9F5A-1F846900AA25}.Debug|Any CPU.ActiveCfg = Debug|Any CPU
		{D5FF1861-476F-436D-9F5A-1F846900AA25}.Debug|Any CPU.Build.0 = Debug|Any CPU
		{D5FF1861-476F-436D-9F5A-1F846900AA25}.Release|Any CPU.ActiveCfg = Release|Any CPU
		{D5FF1861-476F-436D-9F5A-1F846900AA25}.Release|Any CPU.Build.0 = Release|Any CPU
	EndGlobalSection
	GlobalSection(SolutionProperties) = preSolution
		HideSolutionNode = FALSE
	EndGlobalSection
	GlobalSection(SolutionProperties) = preSolution
		HideSolutionNode = FALSE
	EndGlobalSection
	GlobalSection(SolutionProperties) = preSolution
		HideSolutionNode = FALSE
	EndGlobalSection
	GlobalSection(MonoDevelopProperties) = preSolution
		StartupItem = SingleBarrelWeather\SingleBarrelWeather.csproj
	EndGlobalSection
EndGlobal
