
Microsoft Visual Studio Solution File, Format Version 11.00
# Visual Studio 2010
Project("{FAE04EC0-301F-11D3-BF4B-00C04F79EFBC}") = "SingleBarrelWeather", "SingleBarrelWeather\SingleBarrelWeather.csproj", "{4A1CF5AF-F05C-4B62-84FE-046BBAD4F65F}"
EndProject
Project("{FAE04EC0-301F-11D3-BF4B-00C04F79EFBC}") = "DataStructures", "DataStructures\DataStructures.csproj", "{6F3FBD37-B0E1-49B6-8E8B-229BB59D5A4D}"
EndProject
Global
	GlobalSection(SolutionConfigurationPlatforms) = preSolution
		Debug|Any CPU = Debug|Any CPU
		Release|Any CPU = Release|Any CPU
	EndGlobalSection
	GlobalSection(ProjectConfigurationPlatforms) = postSolution
		{4A1CF5AF-F05C-4B62-84FE-046BBAD4F65F}.Debug|Any CPU.ActiveCfg = Debug|Any CPU
		{4A1CF5AF-F05C-4B62-84FE-046BBAD4F65F}.Debug|Any CPU.Build.0 = Debug|Any CPU
		{4A1CF5AF-F05C-4B62-84FE-046BBAD4F65F}.Release|Any CPU.ActiveCfg = Release|Any CPU
		{4A1CF5AF-F05C-4B62-84FE-046BBAD4F65F}.Release|Any CPU.Build.0 = Release|Any CPU
		{6F3FBD37-B0E1-49B6-8E8B-229BB59D5A4D}.Debug|Any CPU.ActiveCfg = Debug|Any CPU
		{6F3FBD37-B0E1-49B6-8E8B-229BB59D5A4D}.Debug|Any CPU.Build.0 = Debug|Any CPU
		{6F3FBD37-B0E1-49B6-8E8B-229BB59D5A4D}.Release|Any CPU.ActiveCfg = Release|Any CPU
		{6F3FBD37-B0E1-49B6-8E8B-229BB59D5A4D}.Release|Any CPU.Build.0 = Release|Any CPU
	EndGlobalSection
	GlobalSection(MonoDevelopProperties) = preSolution
		StartupItem = SingleBarrelWeather\SingleBarrelWeather.csproj
	EndGlobalSection
EndGlobal
